// !$*UTF8*$!
{
	archiveVersion = 1;
	classes = {
	};
	objectVersion = 46;
	objects = {

/* Begin PBXBuildFile section */
		510B41727B188D4989AB4625 /* Pods_iOS_Example.framework in Frameworks */ = {isa = PBXBuildFile; fileRef = 4C97D54637444469C6BD99B9 /* Pods_iOS_Example.framework */; };
		A04BAD4121355526008279CE /* AppDelegate.swift in Sources */ = {isa = PBXBuildFile; fileRef = A04BAD4021355526008279CE /* AppDelegate.swift */; };
		A04BAD4321355526008279CE /* ViewController.swift in Sources */ = {isa = PBXBuildFile; fileRef = A04BAD4221355526008279CE /* ViewController.swift */; };
		A04BAD4621355526008279CE /* Main.storyboard in Resources */ = {isa = PBXBuildFile; fileRef = A04BAD4421355526008279CE /* Main.storyboard */; };
		A04BAD4821355527008279CE /* Assets.xcassets in Resources */ = {isa = PBXBuildFile; fileRef = A04BAD4721355527008279CE /* Assets.xcassets */; };
		A04BAD5421355827008279CE /* AppDelegate.swift in Sources */ = {isa = PBXBuildFile; fileRef = A04BAD5321355827008279CE /* AppDelegate.swift */; };
		A04BAD5621355827008279CE /* ViewController.swift in Sources */ = {isa = PBXBuildFile; fileRef = A04BAD5521355827008279CE /* ViewController.swift */; };
		A04BAD5921355827008279CE /* Main.storyboard in Resources */ = {isa = PBXBuildFile; fileRef = A04BAD5721355827008279CE /* Main.storyboard */; };
		A04BAD5B21355828008279CE /* Assets.xcassets in Resources */ = {isa = PBXBuildFile; fileRef = A04BAD5A21355828008279CE /* Assets.xcassets */; };
		A04BAD5E21355828008279CE /* LaunchScreen.storyboard in Resources */ = {isa = PBXBuildFile; fileRef = A04BAD5C21355828008279CE /* LaunchScreen.storyboard */; };
		AE38066E151CB95FE263FA4E /* Pods_TVOs_Example.framework in Frameworks */ = {isa = PBXBuildFile; fileRef = 5913FAD73FDA95A1F88E24B7 /* Pods_TVOs_Example.framework */; };
/* End PBXBuildFile section */

/* Begin PBXFileReference section */
		0F0FB45491FF6D18662E8D1A /* Pods-SuperGoogleAnalytics_Tests.release.xcconfig */ = {isa = PBXFileReference; includeInIndex = 1; lastKnownFileType = text.xcconfig; name = "Pods-SuperGoogleAnalytics_Tests.release.xcconfig"; path = "Pods/Target Support Files/Pods-SuperGoogleAnalytics_Tests/Pods-SuperGoogleAnalytics_Tests.release.xcconfig"; sourceTree = "<group>"; };
		178DC7B79DE28697FA24AD2F /* SuperGoogleAnalytics.podspec */ = {isa = PBXFileReference; includeInIndex = 1; lastKnownFileType = text; name = SuperGoogleAnalytics.podspec; path = ../SuperGoogleAnalytics.podspec; sourceTree = "<group>"; xcLanguageSpecificationIdentifier = xcode.lang.ruby; };
		2C8177390CFA943D3BEEF0D4 /* Pods-TVOs Example.debug.xcconfig */ = {isa = PBXFileReference; includeInIndex = 1; lastKnownFileType = text.xcconfig; name = "Pods-TVOs Example.debug.xcconfig"; path = "Pods/Target Support Files/Pods-TVOs Example/Pods-TVOs Example.debug.xcconfig"; sourceTree = "<group>"; };
		373393D0FCDD9933DB4E7B42 /* Pods-iOS Example.release.xcconfig */ = {isa = PBXFileReference; includeInIndex = 1; lastKnownFileType = text.xcconfig; name = "Pods-iOS Example.release.xcconfig"; path = "Pods/Target Support Files/Pods-iOS Example/Pods-iOS Example.release.xcconfig"; sourceTree = "<group>"; };
		3779ACA687E7BA4B9FF35305 /* Pods-SuperGoogleAnalytics_Example.release.xcconfig */ = {isa = PBXFileReference; includeInIndex = 1; lastKnownFileType = text.xcconfig; name = "Pods-SuperGoogleAnalytics_Example.release.xcconfig"; path = "Pods/Target Support Files/Pods-SuperGoogleAnalytics_Example/Pods-SuperGoogleAnalytics_Example.release.xcconfig"; sourceTree = "<group>"; };
		395A7642B526D0791F022826 /* Pods-TVOs Example.release.xcconfig */ = {isa = PBXFileReference; includeInIndex = 1; lastKnownFileType = text.xcconfig; name = "Pods-TVOs Example.release.xcconfig"; path = "Pods/Target Support Files/Pods-TVOs Example/Pods-TVOs Example.release.xcconfig"; sourceTree = "<group>"; };
		3F37ED7033640DE51DD86AA4 /* Pods_SuperGoogleAnalytics_Example.framework */ = {isa = PBXFileReference; explicitFileType = wrapper.framework; includeInIndex = 0; path = Pods_SuperGoogleAnalytics_Example.framework; sourceTree = BUILT_PRODUCTS_DIR; };
		4C97D54637444469C6BD99B9 /* Pods_iOS_Example.framework */ = {isa = PBXFileReference; explicitFileType = wrapper.framework; includeInIndex = 0; path = Pods_iOS_Example.framework; sourceTree = BUILT_PRODUCTS_DIR; };
		50BA974D33F7B53998750973 /* LICENSE */ = {isa = PBXFileReference; includeInIndex = 1; lastKnownFileType = text; name = LICENSE; path = ../LICENSE; sourceTree = "<group>"; };
		5913FAD73FDA95A1F88E24B7 /* Pods_TVOs_Example.framework */ = {isa = PBXFileReference; explicitFileType = wrapper.framework; includeInIndex = 0; path = Pods_TVOs_Example.framework; sourceTree = BUILT_PRODUCTS_DIR; };
		763BC965BCEB56452ECA8790 /* Pods-iOS Example.debug.xcconfig */ = {isa = PBXFileReference; includeInIndex = 1; lastKnownFileType = text.xcconfig; name = "Pods-iOS Example.debug.xcconfig"; path = "Pods/Target Support Files/Pods-iOS Example/Pods-iOS Example.debug.xcconfig"; sourceTree = "<group>"; };
		89BB1D470BB2902C5BF25270 /* Pods-SuperGoogleAnalytics_Example.debug.xcconfig */ = {isa = PBXFileReference; includeInIndex = 1; lastKnownFileType = text.xcconfig; name = "Pods-SuperGoogleAnalytics_Example.debug.xcconfig"; path = "Pods/Target Support Files/Pods-SuperGoogleAnalytics_Example/Pods-SuperGoogleAnalytics_Example.debug.xcconfig"; sourceTree = "<group>"; };
		A04BAD3E21355526008279CE /* TVOs Example.app */ = {isa = PBXFileReference; explicitFileType = wrapper.application; includeInIndex = 0; path = "TVOs Example.app"; sourceTree = BUILT_PRODUCTS_DIR; };
		A04BAD4021355526008279CE /* AppDelegate.swift */ = {isa = PBXFileReference; lastKnownFileType = sourcecode.swift; path = AppDelegate.swift; sourceTree = "<group>"; };
		A04BAD4221355526008279CE /* ViewController.swift */ = {isa = PBXFileReference; lastKnownFileType = sourcecode.swift; path = ViewController.swift; sourceTree = "<group>"; };
		A04BAD4521355526008279CE /* Base */ = {isa = PBXFileReference; lastKnownFileType = file.storyboard; name = Base; path = Base.lproj/Main.storyboard; sourceTree = "<group>"; };
		A04BAD4721355527008279CE /* Assets.xcassets */ = {isa = PBXFileReference; lastKnownFileType = folder.assetcatalog; path = Assets.xcassets; sourceTree = "<group>"; };
		A04BAD4921355527008279CE /* Info.plist */ = {isa = PBXFileReference; lastKnownFileType = text.plist.xml; path = Info.plist; sourceTree = "<group>"; };
		A04BAD5121355827008279CE /* iOS Example.app */ = {isa = PBXFileReference; explicitFileType = wrapper.application; includeInIndex = 0; path = "iOS Example.app"; sourceTree = BUILT_PRODUCTS_DIR; };
		A04BAD5321355827008279CE /* AppDelegate.swift */ = {isa = PBXFileReference; lastKnownFileType = sourcecode.swift; path = AppDelegate.swift; sourceTree = "<group>"; };
		A04BAD5521355827008279CE /* ViewController.swift */ = {isa = PBXFileReference; lastKnownFileType = sourcecode.swift; path = ViewController.swift; sourceTree = "<group>"; };
		A04BAD5821355827008279CE /* Base */ = {isa = PBXFileReference; lastKnownFileType = file.storyboard; name = Base; path = Base.lproj/Main.storyboard; sourceTree = "<group>"; };
		A04BAD5A21355828008279CE /* Assets.xcassets */ = {isa = PBXFileReference; lastKnownFileType = folder.assetcatalog; path = Assets.xcassets; sourceTree = "<group>"; };
		A04BAD5D21355828008279CE /* Base */ = {isa = PBXFileReference; lastKnownFileType = file.storyboard; name = Base; path = Base.lproj/LaunchScreen.storyboard; sourceTree = "<group>"; };
		A04BAD5F21355828008279CE /* Info.plist */ = {isa = PBXFileReference; lastKnownFileType = text.plist.xml; path = Info.plist; sourceTree = "<group>"; };
		A6E747ADA5B7D38886088BAE /* Pods_SuperGoogleAnalytics_Tests.framework */ = {isa = PBXFileReference; explicitFileType = wrapper.framework; includeInIndex = 0; path = Pods_SuperGoogleAnalytics_Tests.framework; sourceTree = BUILT_PRODUCTS_DIR; };
		B3AC5B1F280396BFC6611398 /* Pods-SuperGoogleAnalytics_Tests.debug.xcconfig */ = {isa = PBXFileReference; includeInIndex = 1; lastKnownFileType = text.xcconfig; name = "Pods-SuperGoogleAnalytics_Tests.debug.xcconfig"; path = "Pods/Target Support Files/Pods-SuperGoogleAnalytics_Tests/Pods-SuperGoogleAnalytics_Tests.debug.xcconfig"; sourceTree = "<group>"; };
		C48589F677BCD48041755F8B /* README.md */ = {isa = PBXFileReference; includeInIndex = 1; lastKnownFileType = net.daringfireball.markdown; name = README.md; path = ../README.md; sourceTree = "<group>"; };
/* End PBXFileReference section */

/* Begin PBXFrameworksBuildPhase section */
		A04BAD3B21355526008279CE /* Frameworks */ = {
			isa = PBXFrameworksBuildPhase;
			buildActionMask = 2147483647;
			files = (
				AE38066E151CB95FE263FA4E /* Pods_TVOs_Example.framework in Frameworks */,
			);
			runOnlyForDeploymentPostprocessing = 0;
		};
		A04BAD4E21355827008279CE /* Frameworks */ = {
			isa = PBXFrameworksBuildPhase;
			buildActionMask = 2147483647;
			files = (
				510B41727B188D4989AB4625 /* Pods_iOS_Example.framework in Frameworks */,
			);
			runOnlyForDeploymentPostprocessing = 0;
		};
/* End PBXFrameworksBuildPhase section */

/* Begin PBXGroup section */
		607FACC71AFB9204008FA782 = {
			isa = PBXGroup;
			children = (
				607FACF51AFB993E008FA782 /* Podspec Metadata */,
				A04BAD3F21355526008279CE /* TVOs Example */,
				A04BAD5221355827008279CE /* iOS Example */,
				607FACD11AFB9204008FA782 /* Products */,
				C65D025FB27CF2A960D81CFB /* Pods */,
				AD9B91FE7C10BDD9EA3A6BA4 /* Frameworks */,
			);
			sourceTree = "<group>";
		};
		607FACD11AFB9204008FA782 /* Products */ = {
			isa = PBXGroup;
			children = (
				A04BAD3E21355526008279CE /* TVOs Example.app */,
				A04BAD5121355827008279CE /* iOS Example.app */,
			);
			name = Products;
			sourceTree = "<group>";
		};
		607FACF51AFB993E008FA782 /* Podspec Metadata */ = {
			isa = PBXGroup;
			children = (
				178DC7B79DE28697FA24AD2F /* SuperGoogleAnalytics.podspec */,
				C48589F677BCD48041755F8B /* README.md */,
				50BA974D33F7B53998750973 /* LICENSE */,
			);
			name = "Podspec Metadata";
			sourceTree = "<group>";
		};
		A04BAD3F21355526008279CE /* TVOs Example */ = {
			isa = PBXGroup;
			children = (
				A04BAD4021355526008279CE /* AppDelegate.swift */,
				A04BAD4221355526008279CE /* ViewController.swift */,
				A04BAD4421355526008279CE /* Main.storyboard */,
				A04BAD4721355527008279CE /* Assets.xcassets */,
				A04BAD4921355527008279CE /* Info.plist */,
			);
			path = "TVOs Example";
			sourceTree = "<group>";
		};
		A04BAD5221355827008279CE /* iOS Example */ = {
			isa = PBXGroup;
			children = (
				A04BAD5321355827008279CE /* AppDelegate.swift */,
				A04BAD5521355827008279CE /* ViewController.swift */,
				A04BAD5721355827008279CE /* Main.storyboard */,
				A04BAD5A21355828008279CE /* Assets.xcassets */,
				A04BAD5C21355828008279CE /* LaunchScreen.storyboard */,
				A04BAD5F21355828008279CE /* Info.plist */,
			);
			path = "iOS Example";
			sourceTree = "<group>";
		};
		AD9B91FE7C10BDD9EA3A6BA4 /* Frameworks */ = {
			isa = PBXGroup;
			children = (
				3F37ED7033640DE51DD86AA4 /* Pods_SuperGoogleAnalytics_Example.framework */,
				A6E747ADA5B7D38886088BAE /* Pods_SuperGoogleAnalytics_Tests.framework */,
				5913FAD73FDA95A1F88E24B7 /* Pods_TVOs_Example.framework */,
				4C97D54637444469C6BD99B9 /* Pods_iOS_Example.framework */,
			);
			name = Frameworks;
			sourceTree = "<group>";
		};
		C65D025FB27CF2A960D81CFB /* Pods */ = {
			isa = PBXGroup;
			children = (
				89BB1D470BB2902C5BF25270 /* Pods-SuperGoogleAnalytics_Example.debug.xcconfig */,
				3779ACA687E7BA4B9FF35305 /* Pods-SuperGoogleAnalytics_Example.release.xcconfig */,
				B3AC5B1F280396BFC6611398 /* Pods-SuperGoogleAnalytics_Tests.debug.xcconfig */,
				0F0FB45491FF6D18662E8D1A /* Pods-SuperGoogleAnalytics_Tests.release.xcconfig */,
				2C8177390CFA943D3BEEF0D4 /* Pods-TVOs Example.debug.xcconfig */,
				395A7642B526D0791F022826 /* Pods-TVOs Example.release.xcconfig */,
				763BC965BCEB56452ECA8790 /* Pods-iOS Example.debug.xcconfig */,
				373393D0FCDD9933DB4E7B42 /* Pods-iOS Example.release.xcconfig */,
			);
			name = Pods;
			sourceTree = "<group>";
		};
/* End PBXGroup section */

/* Begin PBXNativeTarget section */
		A04BAD3D21355526008279CE /* TVOs Example */ = {
			isa = PBXNativeTarget;
			buildConfigurationList = A04BAD4C21355527008279CE /* Build configuration list for PBXNativeTarget "TVOs Example" */;
			buildPhases = (
				4409DABDDD9D618A6242D4E2 /* [CP] Check Pods Manifest.lock */,
				A04BAD3A21355526008279CE /* Sources */,
				A04BAD3B21355526008279CE /* Frameworks */,
				A04BAD3C21355526008279CE /* Resources */,
				CF4EF3BEC84E337AC5BADE9A /* [CP] Embed Pods Frameworks */,
			);
			buildRules = (
			);
			dependencies = (
			);
			name = "TVOs Example";
			productName = "TVOs Example";
			productReference = A04BAD3E21355526008279CE /* TVOs Example.app */;
			productType = "com.apple.product-type.application";
		};
		A04BAD5021355827008279CE /* iOS Example */ = {
			isa = PBXNativeTarget;
			buildConfigurationList = A04BAD6221355828008279CE /* Build configuration list for PBXNativeTarget "iOS Example" */;
			buildPhases = (
				C04803584E65400A1A959808 /* [CP] Check Pods Manifest.lock */,
				A04BAD4D21355827008279CE /* Sources */,
				A04BAD4E21355827008279CE /* Frameworks */,
				A04BAD4F21355827008279CE /* Resources */,
				EC824BC94B1AC2221ABB87AD /* [CP] Embed Pods Frameworks */,
			);
			buildRules = (
			);
			dependencies = (
			);
			name = "iOS Example";
			productName = "iOS Example";
			productReference = A04BAD5121355827008279CE /* iOS Example.app */;
			productType = "com.apple.product-type.application";
		};
/* End PBXNativeTarget section */

/* Begin PBXProject section */
		607FACC81AFB9204008FA782 /* Project object */ = {
			isa = PBXProject;
			attributes = {
				LastSwiftUpdateCheck = 0940;
				LastUpgradeCheck = 0830;
				ORGANIZATIONNAME = CocoaPods;
				TargetAttributes = {
					A04BAD3D21355526008279CE = {
						CreatedOnToolsVersion = 9.4.1;
						DevelopmentTeam = 3GZ79KZE43;
						ProvisioningStyle = Automatic;
					};
					A04BAD5021355827008279CE = {
						CreatedOnToolsVersion = 9.4.1;
						DevelopmentTeam = 3GZ79KZE43;
						ProvisioningStyle = Automatic;
					};
				};
			};
			buildConfigurationList = 607FACCB1AFB9204008FA782 /* Build configuration list for PBXProject "SuperGoogleAnalytics" */;
			compatibilityVersion = "Xcode 3.2";
			developmentRegion = English;
			hasScannedForEncodings = 0;
			knownRegions = (
				en,
				Base,
			);
			mainGroup = 607FACC71AFB9204008FA782;
			productRefGroup = 607FACD11AFB9204008FA782 /* Products */;
			projectDirPath = "";
			projectRoot = "";
			targets = (
				A04BAD3D21355526008279CE /* TVOs Example */,
				A04BAD5021355827008279CE /* iOS Example */,
			);
		};
/* End PBXProject section */

/* Begin PBXResourcesBuildPhase section */
		A04BAD3C21355526008279CE /* Resources */ = {
			isa = PBXResourcesBuildPhase;
			buildActionMask = 2147483647;
			files = (
				A04BAD4821355527008279CE /* Assets.xcassets in Resources */,
				A04BAD4621355526008279CE /* Main.storyboard in Resources */,
			);
			runOnlyForDeploymentPostprocessing = 0;
		};
		A04BAD4F21355827008279CE /* Resources */ = {
			isa = PBXResourcesBuildPhase;
			buildActionMask = 2147483647;
			files = (
				A04BAD5E21355828008279CE /* LaunchScreen.storyboard in Resources */,
				A04BAD5B21355828008279CE /* Assets.xcassets in Resources */,
				A04BAD5921355827008279CE /* Main.storyboard in Resources */,
			);
			runOnlyForDeploymentPostprocessing = 0;
		};
/* End PBXResourcesBuildPhase section */

/* Begin PBXShellScriptBuildPhase section */
		4409DABDDD9D618A6242D4E2 /* [CP] Check Pods Manifest.lock */ = {
			isa = PBXShellScriptBuildPhase;
			buildActionMask = 2147483647;
			files = (
			);
			inputPaths = (
				"${PODS_PODFILE_DIR_PATH}/Podfile.lock",
				"${PODS_ROOT}/Manifest.lock",
			);
			name = "[CP] Check Pods Manifest.lock";
			outputPaths = (
				"$(DERIVED_FILE_DIR)/Pods-TVOs Example-checkManifestLockResult.txt",
			);
			runOnlyForDeploymentPostprocessing = 0;
			shellPath = /bin/sh;
			shellScript = "diff \"${PODS_PODFILE_DIR_PATH}/Podfile.lock\" \"${PODS_ROOT}/Manifest.lock\" > /dev/null\nif [ $? != 0 ] ; then\n    # print error to STDERR\n    echo \"error: The sandbox is not in sync with the Podfile.lock. Run 'pod install' or update your CocoaPods installation.\" >&2\n    exit 1\nfi\n# This output is used by Xcode 'outputs' to avoid re-running this script phase.\necho \"SUCCESS\" > \"${SCRIPT_OUTPUT_FILE_0}\"\n";
			showEnvVarsInLog = 0;
		};
		C04803584E65400A1A959808 /* [CP] Check Pods Manifest.lock */ = {
			isa = PBXShellScriptBuildPhase;
			buildActionMask = 2147483647;
			files = (
			);
			inputPaths = (
				"${PODS_PODFILE_DIR_PATH}/Podfile.lock",
				"${PODS_ROOT}/Manifest.lock",
			);
			name = "[CP] Check Pods Manifest.lock";
			outputPaths = (
				"$(DERIVED_FILE_DIR)/Pods-iOS Example-checkManifestLockResult.txt",
			);
			runOnlyForDeploymentPostprocessing = 0;
			shellPath = /bin/sh;
			shellScript = "diff \"${PODS_PODFILE_DIR_PATH}/Podfile.lock\" \"${PODS_ROOT}/Manifest.lock\" > /dev/null\nif [ $? != 0 ] ; then\n    # print error to STDERR\n    echo \"error: The sandbox is not in sync with the Podfile.lock. Run 'pod install' or update your CocoaPods installation.\" >&2\n    exit 1\nfi\n# This output is used by Xcode 'outputs' to avoid re-running this script phase.\necho \"SUCCESS\" > \"${SCRIPT_OUTPUT_FILE_0}\"\n";
			showEnvVarsInLog = 0;
		};
		CF4EF3BEC84E337AC5BADE9A /* [CP] Embed Pods Frameworks */ = {
			isa = PBXShellScriptBuildPhase;
			buildActionMask = 2147483647;
			files = (
			);
			inputPaths = (
				"${SRCROOT}/Pods/Target Support Files/Pods-TVOs Example/Pods-TVOs Example-frameworks.sh",
				"${BUILT_PRODUCTS_DIR}/SuperGoogleAnalytics-tvOS/SuperGoogleAnalytics.framework",
			);
			name = "[CP] Embed Pods Frameworks";
			outputPaths = (
				"${TARGET_BUILD_DIR}/${FRAMEWORKS_FOLDER_PATH}/SuperGoogleAnalytics.framework",
			);
			runOnlyForDeploymentPostprocessing = 0;
			shellPath = /bin/sh;
			shellScript = "\"${SRCROOT}/Pods/Target Support Files/Pods-TVOs Example/Pods-TVOs Example-frameworks.sh\"\n";
			showEnvVarsInLog = 0;
		};
		EC824BC94B1AC2221ABB87AD /* [CP] Embed Pods Frameworks */ = {
			isa = PBXShellScriptBuildPhase;
			buildActionMask = 2147483647;
			files = (
			);
			inputPaths = (
				"${SRCROOT}/Pods/Target Support Files/Pods-iOS Example/Pods-iOS Example-frameworks.sh",
				"${BUILT_PRODUCTS_DIR}/SuperGoogleAnalytics-iOS/SuperGoogleAnalytics.framework",
			);
			name = "[CP] Embed Pods Frameworks";
			outputPaths = (
				"${TARGET_BUILD_DIR}/${FRAMEWORKS_FOLDER_PATH}/SuperGoogleAnalytics.framework",
			);
			runOnlyForDeploymentPostprocessing = 0;
			shellPath = /bin/sh;
			shellScript = "\"${SRCROOT}/Pods/Target Support Files/Pods-iOS Example/Pods-iOS Example-frameworks.sh\"\n";
			showEnvVarsInLog = 0;
		};
/* End PBXShellScriptBuildPhase section */

/* Begin PBXSourcesBuildPhase section */
		A04BAD3A21355526008279CE /* Sources */ = {
			isa = PBXSourcesBuildPhase;
			buildActionMask = 2147483647;
			files = (
				A04BAD4321355526008279CE /* ViewController.swift in Sources */,
				A04BAD4121355526008279CE /* AppDelegate.swift in Sources */,
			);
			runOnlyForDeploymentPostprocessing = 0;
		};
		A04BAD4D21355827008279CE /* Sources */ = {
			isa = PBXSourcesBuildPhase;
			buildActionMask = 2147483647;
			files = (
				A04BAD5621355827008279CE /* ViewController.swift in Sources */,
				A04BAD5421355827008279CE /* AppDelegate.swift in Sources */,
			);
			runOnlyForDeploymentPostprocessing = 0;
		};
/* End PBXSourcesBuildPhase section */

/* Begin PBXVariantGroup section */
		A04BAD4421355526008279CE /* Main.storyboard */ = {
			isa = PBXVariantGroup;
			children = (
				A04BAD4521355526008279CE /* Base */,
			);
			name = Main.storyboard;
			sourceTree = "<group>";
		};
		A04BAD5721355827008279CE /* Main.storyboard */ = {
			isa = PBXVariantGroup;
			children = (
				A04BAD5821355827008279CE /* Base */,
			);
			name = Main.storyboard;
			sourceTree = "<group>";
		};
		A04BAD5C21355828008279CE /* LaunchScreen.storyboard */ = {
			isa = PBXVariantGroup;
			children = (
				A04BAD5D21355828008279CE /* Base */,
			);
			name = LaunchScreen.storyboard;
			sourceTree = "<group>";
		};
/* End PBXVariantGroup section */

/* Begin XCBuildConfiguration section */
		607FACED1AFB9204008FA782 /* Debug */ = {
			isa = XCBuildConfiguration;
			buildSettings = {
				ALWAYS_SEARCH_USER_PATHS = NO;
				CLANG_CXX_LANGUAGE_STANDARD = "gnu++0x";
				CLANG_CXX_LIBRARY = "libc++";
				CLANG_ENABLE_MODULES = YES;
				CLANG_ENABLE_OBJC_ARC = YES;
				CLANG_WARN_BLOCK_CAPTURE_AUTORELEASING = YES;
				CLANG_WARN_BOOL_CONVERSION = YES;
				CLANG_WARN_COMMA = YES;
				CLANG_WARN_CONSTANT_CONVERSION = YES;
				CLANG_WARN_DIRECT_OBJC_ISA_USAGE = YES_ERROR;
				CLANG_WARN_EMPTY_BODY = YES;
				CLANG_WARN_ENUM_CONVERSION = YES;
				CLANG_WARN_INFINITE_RECURSION = YES;
				CLANG_WARN_INT_CONVERSION = YES;
				CLANG_WARN_NON_LITERAL_NULL_CONVERSION = YES;
				CLANG_WARN_OBJC_LITERAL_CONVERSION = YES;
				CLANG_WARN_OBJC_ROOT_CLASS = YES_ERROR;
				CLANG_WARN_RANGE_LOOP_ANALYSIS = YES;
				CLANG_WARN_STRICT_PROTOTYPES = YES;
				CLANG_WARN_SUSPICIOUS_MOVE = YES;
				CLANG_WARN_UNREACHABLE_CODE = YES;
				CLANG_WARN__DUPLICATE_METHOD_MATCH = YES;
				"CODE_SIGN_IDENTITY[sdk=iphoneos*]" = "iPhone Developer";
				COPY_PHASE_STRIP = NO;
				DEBUG_INFORMATION_FORMAT = "dwarf-with-dsym";
				ENABLE_STRICT_OBJC_MSGSEND = YES;
				ENABLE_TESTABILITY = YES;
				GCC_C_LANGUAGE_STANDARD = gnu99;
				GCC_DYNAMIC_NO_PIC = NO;
				GCC_NO_COMMON_BLOCKS = YES;
				GCC_OPTIMIZATION_LEVEL = 0;
				GCC_PREPROCESSOR_DEFINITIONS = (
					"DEBUG=1",
					"$(inherited)",
				);
				GCC_SYMBOLS_PRIVATE_EXTERN = NO;
				GCC_WARN_64_TO_32_BIT_CONVERSION = YES;
				GCC_WARN_ABOUT_RETURN_TYPE = YES_ERROR;
				GCC_WARN_UNDECLARED_SELECTOR = YES;
				GCC_WARN_UNINITIALIZED_AUTOS = YES_AGGRESSIVE;
				GCC_WARN_UNUSED_FUNCTION = YES;
				GCC_WARN_UNUSED_VARIABLE = YES;
				IPHONEOS_DEPLOYMENT_TARGET = 9.3;
				MTL_ENABLE_DEBUG_INFO = YES;
				ONLY_ACTIVE_ARCH = YES;
				SDKROOT = iphoneos;
				SWIFT_OPTIMIZATION_LEVEL = "-Onone";
			};
			name = Debug;
		};
		607FACEE1AFB9204008FA782 /* Release */ = {
			isa = XCBuildConfiguration;
			buildSettings = {
				ALWAYS_SEARCH_USER_PATHS = NO;
				CLANG_CXX_LANGUAGE_STANDARD = "gnu++0x";
				CLANG_CXX_LIBRARY = "libc++";
				CLANG_ENABLE_MODULES = YES;
				CLANG_ENABLE_OBJC_ARC = YES;
				CLANG_WARN_BLOCK_CAPTURE_AUTORELEASING = YES;
				CLANG_WARN_BOOL_CONVERSION = YES;
				CLANG_WARN_COMMA = YES;
				CLANG_WARN_CONSTANT_CONVERSION = YES;
				CLANG_WARN_DIRECT_OBJC_ISA_USAGE = YES_ERROR;
				CLANG_WARN_EMPTY_BODY = YES;
				CLANG_WARN_ENUM_CONVERSION = YES;
				CLANG_WARN_INFINITE_RECURSION = YES;
				CLANG_WARN_INT_CONVERSION = YES;
				CLANG_WARN_NON_LITERAL_NULL_CONVERSION = YES;
				CLANG_WARN_OBJC_LITERAL_CONVERSION = YES;
				CLANG_WARN_OBJC_ROOT_CLASS = YES_ERROR;
				CLANG_WARN_RANGE_LOOP_ANALYSIS = YES;
				CLANG_WARN_STRICT_PROTOTYPES = YES;
				CLANG_WARN_SUSPICIOUS_MOVE = YES;
				CLANG_WARN_UNREACHABLE_CODE = YES;
				CLANG_WARN__DUPLICATE_METHOD_MATCH = YES;
				"CODE_SIGN_IDENTITY[sdk=iphoneos*]" = "iPhone Developer";
				COPY_PHASE_STRIP = NO;
				DEBUG_INFORMATION_FORMAT = "dwarf-with-dsym";
				ENABLE_NS_ASSERTIONS = NO;
				ENABLE_STRICT_OBJC_MSGSEND = YES;
				GCC_C_LANGUAGE_STANDARD = gnu99;
				GCC_NO_COMMON_BLOCKS = YES;
				GCC_WARN_64_TO_32_BIT_CONVERSION = YES;
				GCC_WARN_ABOUT_RETURN_TYPE = YES_ERROR;
				GCC_WARN_UNDECLARED_SELECTOR = YES;
				GCC_WARN_UNINITIALIZED_AUTOS = YES_AGGRESSIVE;
				GCC_WARN_UNUSED_FUNCTION = YES;
				GCC_WARN_UNUSED_VARIABLE = YES;
				IPHONEOS_DEPLOYMENT_TARGET = 9.3;
				MTL_ENABLE_DEBUG_INFO = NO;
				SDKROOT = iphoneos;
				SWIFT_OPTIMIZATION_LEVEL = "-Owholemodule";
				VALIDATE_PRODUCT = YES;
			};
			name = Release;
		};
		A04BAD4A21355527008279CE /* Debug */ = {
			isa = XCBuildConfiguration;
			baseConfigurationReference = 2C8177390CFA943D3BEEF0D4 /* Pods-TVOs Example.debug.xcconfig */;
			buildSettings = {
				ASSETCATALOG_COMPILER_APPICON_NAME = "App Icon & Top Shelf Image";
				ASSETCATALOG_COMPILER_LAUNCHIMAGE_NAME = LaunchImage;
				CLANG_ANALYZER_NONNULL = YES;
				CLANG_ANALYZER_NUMBER_OBJECT_CONVERSION = YES_AGGRESSIVE;
				CLANG_CXX_LANGUAGE_STANDARD = "gnu++14";
				CLANG_ENABLE_OBJC_WEAK = YES;
				CLANG_WARN_DEPRECATED_OBJC_IMPLEMENTATIONS = YES;
				CLANG_WARN_DOCUMENTATION_COMMENTS = YES;
				CLANG_WARN_OBJC_IMPLICIT_RETAIN_SELF = YES;
				CLANG_WARN_UNGUARDED_AVAILABILITY = YES_AGGRESSIVE;
				CODE_SIGN_STYLE = Automatic;
				DEBUG_INFORMATION_FORMAT = dwarf;
				DEVELOPMENT_TEAM = 3GZ79KZE43;
				GCC_C_LANGUAGE_STANDARD = gnu11;
				INFOPLIST_FILE = "TVOs Example/Info.plist";
				LD_RUNPATH_SEARCH_PATHS = "$(inherited) @executable_path/Frameworks";
				PRODUCT_BUNDLE_IDENTIFIER = "CTC.TVOs-Example";
				PRODUCT_NAME = "$(TARGET_NAME)";
				SDKROOT = appletvos;
				SWIFT_ACTIVE_COMPILATION_CONDITIONS = DEBUG;
				SWIFT_VERSION = 4.0;
				TARGETED_DEVICE_FAMILY = 3;
				TVOS_DEPLOYMENT_TARGET = 11.4;
			};
			name = Debug;
		};
		A04BAD4B21355527008279CE /* Release */ = {
			isa = XCBuildConfiguration;
			baseConfigurationReference = 395A7642B526D0791F022826 /* Pods-TVOs Example.release.xcconfig */;
			buildSettings = {
				ASSETCATALOG_COMPILER_APPICON_NAME = "App Icon & Top Shelf Image";
				ASSETCATALOG_COMPILER_LAUNCHIMAGE_NAME = LaunchImage;
				CLANG_ANALYZER_NONNULL = YES;
				CLANG_ANALYZER_NUMBER_OBJECT_CONVERSION = YES_AGGRESSIVE;
				CLANG_CXX_LANGUAGE_STANDARD = "gnu++14";
				CLANG_ENABLE_OBJC_WEAK = YES;
				CLANG_WARN_DEPRECATED_OBJC_IMPLEMENTATIONS = YES;
				CLANG_WARN_DOCUMENTATION_COMMENTS = YES;
				CLANG_WARN_OBJC_IMPLICIT_RETAIN_SELF = YES;
				CLANG_WARN_UNGUARDED_AVAILABILITY = YES_AGGRESSIVE;
				CODE_SIGN_STYLE = Automatic;
				DEVELOPMENT_TEAM = 3GZ79KZE43;
				GCC_C_LANGUAGE_STANDARD = gnu11;
				INFOPLIST_FILE = "TVOs Example/Info.plist";
				LD_RUNPATH_SEARCH_PATHS = "$(inherited) @executable_path/Frameworks";
				PRODUCT_BUNDLE_IDENTIFIER = "CTC.TVOs-Example";
				PRODUCT_NAME = "$(TARGET_NAME)";
				SDKROOT = appletvos;
				SWIFT_VERSION = 4.0;
				TARGETED_DEVICE_FAMILY = 3;
				TVOS_DEPLOYMENT_TARGET = 11.4;
			};
			name = Release;
		};
		A04BAD6021355828008279CE /* Debug */ = {
			isa = XCBuildConfiguration;
			baseConfigurationReference = 763BC965BCEB56452ECA8790 /* Pods-iOS Example.debug.xcconfig */;
			buildSettings = {
				ASSETCATALOG_COMPILER_APPICON_NAME = AppIcon;
				CLANG_ANALYZER_NONNULL = YES;
				CLANG_ANALYZER_NUMBER_OBJECT_CONVERSION = YES_AGGRESSIVE;
				CLANG_CXX_LANGUAGE_STANDARD = "gnu++14";
				CLANG_ENABLE_OBJC_WEAK = YES;
				CLANG_WARN_DEPRECATED_OBJC_IMPLEMENTATIONS = YES;
				CLANG_WARN_DOCUMENTATION_COMMENTS = YES;
				CLANG_WARN_OBJC_IMPLICIT_RETAIN_SELF = YES;
				CLANG_WARN_UNGUARDED_AVAILABILITY = YES_AGGRESSIVE;
				CODE_SIGN_IDENTITY = "iPhone Developer";
				CODE_SIGN_STYLE = Automatic;
				DEBUG_INFORMATION_FORMAT = dwarf;
				DEVELOPMENT_TEAM = 3GZ79KZE43;
				GCC_C_LANGUAGE_STANDARD = gnu11;
				INFOPLIST_FILE = "iOS Example/Info.plist";
				IPHONEOS_DEPLOYMENT_TARGET = 11.4;
				LD_RUNPATH_SEARCH_PATHS = "$(inherited) @executable_path/Frameworks";
				PRODUCT_BUNDLE_IDENTIFIER = "CTC.iOS-Example";
				PRODUCT_NAME = "$(TARGET_NAME)";
				SWIFT_ACTIVE_COMPILATION_CONDITIONS = DEBUG;
				SWIFT_VERSION = 4.0;
				TARGETED_DEVICE_FAMILY = "1,2";
			};
			name = Debug;
		};
		A04BAD6121355828008279CE /* Release */ = {
			isa = XCBuildConfiguration;
			baseConfigurationReference = 373393D0FCDD9933DB4E7B42 /* Pods-iOS Example.release.xcconfig */;
			buildSettings = {
				ASSETCATALOG_COMPILER_APPICON_NAME = AppIcon;
				CLANG_ANALYZER_NONNULL = YES;
				CLANG_ANALYZER_NUMBER_OBJECT_CONVERSION = YES_AGGRESSIVE;
				CLANG_CXX_LANGUAGE_STANDARD = "gnu++14";
				CLANG_ENABLE_OBJC_WEAK = YES;
				CLANG_WARN_DEPRECATED_OBJC_IMPLEMENTATIONS = YES;
				CLANG_WARN_DOCUMENTATION_COMMENTS = YES;
				CLANG_WARN_OBJC_IMPLICIT_RETAIN_SELF = YES;
				CLANG_WARN_UNGUARDED_AVAILABILITY = YES_AGGRESSIVE;
				CODE_SIGN_IDENTITY = "iPhone Developer";
				CODE_SIGN_STYLE = Automatic;
				DEVELOPMENT_TEAM = 3GZ79KZE43;
				GCC_C_LANGUAGE_STANDARD = gnu11;
				INFOPLIST_FILE = "iOS Example/Info.plist";
				IPHONEOS_DEPLOYMENT_TARGET = 11.4;
				LD_RUNPATH_SEARCH_PATHS = "$(inherited) @executable_path/Frameworks";
				PRODUCT_BUNDLE_IDENTIFIER = "CTC.iOS-Example";
				PRODUCT_NAME = "$(TARGET_NAME)";
				SWIFT_VERSION = 4.0;
				TARGETED_DEVICE_FAMILY = "1,2";
			};
			name = Release;
		};
/* End XCBuildConfiguration section */

/* Begin XCConfigurationList section */
		607FACCB1AFB9204008FA782 /* Build configuration list for PBXProject "SuperGoogleAnalytics" */ = {
			isa = XCConfigurationList;
			buildConfigurations = (
				607FACED1AFB9204008FA782 /* Debug */,
				607FACEE1AFB9204008FA782 /* Release */,
			);
			defaultConfigurationIsVisible = 0;
			defaultConfigurationName = Release;
		};
		A04BAD4C21355527008279CE /* Build configuration list for PBXNativeTarget "TVOs Example" */ = {
			isa = XCConfigurationList;
			buildConfigurations = (
				A04BAD4A21355527008279CE /* Debug */,
				A04BAD4B21355527008279CE /* Release */,
			);
			defaultConfigurationIsVisible = 0;
			defaultConfigurationName = Release;
		};
		A04BAD6221355828008279CE /* Build configuration list for PBXNativeTarget "iOS Example" */ = {
			isa = XCConfigurationList;
			buildConfigurations = (
				A04BAD6021355828008279CE /* Debug */,
				A04BAD6121355828008279CE /* Release */,
			);
			defaultConfigurationIsVisible = 0;
			defaultConfigurationName = Release;
		};
/* End XCConfigurationList section */
	};
	rootObject = 607FACC81AFB9204008FA782 /* Project object */;
}
